{
  "lockfile-version": 1,
  "manifest": {
    "version": 1,
    "install": {
      "uv": {
        "pkg-path": "uv"
      }
    },
    "vars": {},
    "hook": {},
    "profile": {},
    "options": {
      "systems": [
        "aarch64-darwin",
        "aarch64-linux",
        "x86_64-darwin",
        "x86_64-linux"
      ],
      "allow": {
        "licenses": []
      },
      "semver": {}
    },
    "services": {},
    "build": {}
  },
  "packages": [
    {
      "attr_path": "uv",
      "broken": false,
      "derivation": "/nix/store/bfqsv6gzf7q3bxjkjm9vlqg9dsgar30q-uv-0.4.11.drv",
      "description": "Extremely fast Python package installer and resolver, written in Rust",
      "install_id": "uv",
      "license": "[ Apache-2.0, MIT ]",
      "locked_url": "https://github.com/flox/nixpkgs?rev=27e30d177e57d912d614c88c622dcfdb2e6e6515",
      "name": "uv-0.4.11",
      "pname": "uv",
      "rev": "27e30d177e57d912d614c88c622dcfdb2e6e6515",
      "rev_count": 687768,
      "rev_date": "2024-10-01T17:15:20Z",
      "scrape_date": "2024-10-03T03:20:29Z",
      "stabilities": [
        "unstable"
      ],
      "unfree": false,
      "version": "0.4.11",
      "outputs_to_install": [
        "out"
      ],
      "outputs": {
        "dist": "/nix/store/6v6gyrykc5h2rarabqn3myac1zirawm4-uv-0.4.11-dist",
        "out": "/nix/store/mxpc49c07kdpfp8abr0clf9bhapsakpj-uv-0.4.11"
      },
      "system": "aarch64-darwin",
      "group": "toplevel",
      "priority": 5
    },
    {
      "attr_path": "uv",
      "broken": false,
      "derivation": "/nix/store/zhzf57pifgdzq7wqar6hrxn0ijjv79by-uv-0.4.11.drv",
      "description": "Extremely fast Python package installer and resolver, written in Rust",
      "install_id": "uv",
      "license": "[ Apache-2.0, MIT ]",
      "locked_url": "https://github.com/flox/nixpkgs?rev=27e30d177e57d912d614c88c622dcfdb2e6e6515",
      "name": "uv-0.4.11",
      "pname": "uv",
      "rev": "27e30d177e57d912d614c88c622dcfdb2e6e6515",
      "rev_count": 687768,
      "rev_date": "2024-10-01T17:15:20Z",
      "scrape_date": "2024-10-03T03:20:29Z",
      "stabilities": [
        "unstable"
      ],
      "unfree": false,
      "version": "0.4.11",
      "outputs_to_install": [
        "out"
      ],
      "outputs": {
        "dist": "/nix/store/d0fxyzn8zymvw5rivm7ixsa7i36agajw-uv-0.4.11-dist",
        "out": "/nix/store/cjw7qi11x137k7fn56dxrkgbsqj25p42-uv-0.4.11"
      },
      "system": "aarch64-linux",
      "group": "toplevel",
      "priority": 5
    },
    {
      "attr_path": "uv",
      "broken": false,
      "derivation": "/nix/store/cpppxlsn8pqawjcyl6cgbqqsid13m4qi-uv-0.4.11.drv",
      "description": "Extremely fast Python package installer and resolver, written in Rust",
      "install_id": "uv",
      "license": "[ Apache-2.0, MIT ]",
      "locked_url": "https://github.com/flox/nixpkgs?rev=27e30d177e57d912d614c88c622dcfdb2e6e6515",
      "name": "uv-0.4.11",
      "pname": "uv",
      "rev": "27e30d177e57d912d614c88c622dcfdb2e6e6515",
      "rev_count": 687768,
      "rev_date": "2024-10-01T17:15:20Z",
      "scrape_date": "2024-10-03T03:20:29Z",
      "stabilities": [
        "unstable"
      ],
      "unfree": false,
      "version": "0.4.11",
      "outputs_to_install": [
        "out"
      ],
      "outputs": {
        "dist": "/nix/store/l3f1r34ywsqj0nz0r498z6cqdq2j40qm-uv-0.4.11-dist",
        "out": "/nix/store/pd2hb8p01zvd8shksyph2svhg9gxdp8b-uv-0.4.11"
      },
      "system": "x86_64-darwin",
      "group": "toplevel",
      "priority": 5
    },
    {
      "attr_path": "uv",
      "broken": false,
      "derivation": "/nix/store/cc6p4vf8lgf4qk5xdrky9igsxfiqj57c-uv-0.4.11.drv",
      "description": "Extremely fast Python package installer and resolver, written in Rust",
      "install_id": "uv",
      "license": "[ Apache-2.0, MIT ]",
      "locked_url": "https://github.com/flox/nixpkgs?rev=27e30d177e57d912d614c88c622dcfdb2e6e6515",
      "name": "uv-0.4.11",
      "pname": "uv",
      "rev": "27e30d177e57d912d614c88c622dcfdb2e6e6515",
      "rev_count": 687768,
      "rev_date": "2024-10-01T17:15:20Z",
      "scrape_date": "2024-10-03T03:20:29Z",
      "stabilities": [
        "unstable"
      ],
      "unfree": false,
      "version": "0.4.11",
      "outputs_to_install": [
        "out"
      ],
      "outputs": {
        "dist": "/nix/store/ydxshqyicy1xx00i1b9f3jmm37m2rshn-uv-0.4.11-dist",
        "out": "/nix/store/cs8zyvxj5mzbv6fqi5g28rm3mwr3i73l-uv-0.4.11"
      },
      "system": "x86_64-linux",
      "group": "toplevel",
      "priority": 5
    }
  ]
}